
Microsoft Visual Studio Solution File, Format Version 12.00
# Visual Studio Version 17
VisualStudioVersion = 17.8.34309.116
MinimumVisualStudioVersion = 10.0.40219.1
Project("{FAE04EC0-301F-11D3-BF4B-00C04F79EFBC}") = "MyLoginLib", "MyLoginLib\MyLoginLib.csproj", "{DC45C554-FD64-4ABB-B1CB-FBD87FE430C9}"
EndProject
Project("{FAE04EC0-301F-11D3-BF4B-00C04F79EFBC}") = "DemoUC", "DemoUC\DemoUC.csproj", "{265A51FE-321B-47F2-BB9D-71FD14DE3CAF}"
EndProject
Global
	GlobalSection(SolutionConfigurationPlatforms) = preSolution
		Debug|Any CPU = Debug|Any CPU
		Release|Any CPU = Release|Any CPU
	EndGlobalSection
	GlobalSection(ProjectConfigurationPlatforms) = postSolution
		{DC45C554-FD64-4ABB-B1CB-FBD87FE430C9}.Debug|Any CPU.ActiveCfg = Debug|Any CPU
		{DC45C554-FD64-4ABB-B1CB-FBD87FE430C9}.Debug|Any CPU.Build.0 = Debug|Any CPU
		{DC45C554-FD64-4ABB-B1CB-FBD87FE430C9}.Release|Any CPU.ActiveCfg = Release|Any CPU
		{DC45C554-FD64-4ABB-B1CB-FBD87FE430C9}.Release|Any CPU.Build.0 = Release|Any CPU
		{265A51FE-321B-47F2-BB9D-71FD14DE3CAF}.Debug|Any CPU.ActiveCfg = Debug|Any CPU
		{265A51FE-321B-47F2-BB9D-71FD14DE3CAF}.Debug|Any CPU.Build.0 = Debug|Any CPU
		{265A51FE-321B-47F2-BB9D-71FD14DE3CAF}.Release|Any CPU.ActiveCfg = Release|Any CPU
		{265A51FE-321B-47F2-BB9D-71FD14DE3CAF}.Release|Any CPU.Build.0 = Release|Any CPU
	EndGlobalSection
	GlobalSection(SolutionProperties) = preSolution
		HideSolutionNode = FALSE
	EndGlobalSection
	GlobalSection(ExtensibilityGlobals) = postSolution
		SolutionGuid = {5A317FE3-58D1-4B4F-A07F-58BE1F5E9699}
	EndGlobalSection
EndGlobal
