
Microsoft Visual Studio Solution File, Format Version 12.00
# Visual Studio Version 17
VisualStudioVersion = 17.8.34309.116
MinimumVisualStudioVersion = 10.0.40219.1
Project("{FAE04EC0-301F-11D3-BF4B-00C04F79EFBC}") = "NamThangRucRo", "NamThangRucRo\NamThangRucRo.csproj", "{D3E061DC-6881-42ED-B2B8-E0E1D211D7D2}"
EndProject
Global
	GlobalSection(SolutionConfigurationPlatforms) = preSolution
		Debug|Any CPU = Debug|Any CPU
		Release|Any CPU = Release|Any CPU
	EndGlobalSection
	GlobalSection(ProjectConfigurationPlatforms) = postSolution
		{D3E061DC-6881-42ED-B2B8-E0E1D211D7D2}.Debug|Any CPU.ActiveCfg = Debug|Any CPU
		{D3E061DC-6881-42ED-B2B8-E0E1D211D7D2}.Debug|Any CPU.Build.0 = Debug|Any CPU
		{D3E061DC-6881-42ED-B2B8-E0E1D211D7D2}.Release|Any CPU.ActiveCfg = Release|Any CPU
		{D3E061DC-6881-42ED-B2B8-E0E1D211D7D2}.Release|Any CPU.Build.0 = Release|Any CPU
	EndGlobalSection
	GlobalSection(SolutionProperties) = preSolution
		HideSolutionNode = FALSE
	EndGlobalSection
	GlobalSection(ExtensibilityGlobals) = postSolution
		SolutionGuid = {D23455C4-7548-4FBA-B1A4-AB00F7BBBD0F}
	EndGlobalSection
EndGlobal
