
Microsoft Visual Studio Solution File, Format Version 12.00
# Visual Studio Version 17
VisualStudioVersion = 17.8.34309.116
MinimumVisualStudioVersion = 10.0.40219.1
Project("{FAE04EC0-301F-11D3-BF4B-00C04F79EFBC}") = "Lab04BT02", "Lab04BT02\Lab04BT02.csproj", "{DDEF1E12-20CC-4CCF-BFA6-71729A3DC186}"
EndProject
Global
	GlobalSection(SolutionConfigurationPlatforms) = preSolution
		Debug|Any CPU = Debug|Any CPU
		Release|Any CPU = Release|Any CPU
	EndGlobalSection
	GlobalSection(ProjectConfigurationPlatforms) = postSolution
		{DDEF1E12-20CC-4CCF-BFA6-71729A3DC186}.Debug|Any CPU.ActiveCfg = Debug|Any CPU
		{DDEF1E12-20CC-4CCF-BFA6-71729A3DC186}.Debug|Any CPU.Build.0 = Debug|Any CPU
		{DDEF1E12-20CC-4CCF-BFA6-71729A3DC186}.Release|Any CPU.ActiveCfg = Release|Any CPU
		{DDEF1E12-20CC-4CCF-BFA6-71729A3DC186}.Release|Any CPU.Build.0 = Release|Any CPU
	EndGlobalSection
	GlobalSection(SolutionProperties) = preSolution
		HideSolutionNode = FALSE
	EndGlobalSection
	GlobalSection(ExtensibilityGlobals) = postSolution
		SolutionGuid = {C55F8875-ADE8-4E16-9887-C533D864B37C}
	EndGlobalSection
EndGlobal
