
Microsoft Visual Studio Solution File, Format Version 12.00
# Visual Studio Version 17
VisualStudioVersion = 17.8.34309.116
MinimumVisualStudioVersion = 10.0.40219.1
Project("{FAE04EC0-301F-11D3-BF4B-00C04F79EFBC}") = "DemoADONET", "DemoADONET\DemoADONET.csproj", "{D99AB89B-C355-41C8-B696-7BF3B6F798DF}"
EndProject
Global
	GlobalSection(SolutionConfigurationPlatforms) = preSolution
		Debug|Any CPU = Debug|Any CPU
		Release|Any CPU = Release|Any CPU
	EndGlobalSection
	GlobalSection(ProjectConfigurationPlatforms) = postSolution
		{D99AB89B-C355-41C8-B696-7BF3B6F798DF}.Debug|Any CPU.ActiveCfg = Debug|Any CPU
		{D99AB89B-C355-41C8-B696-7BF3B6F798DF}.Debug|Any CPU.Build.0 = Debug|Any CPU
		{D99AB89B-C355-41C8-B696-7BF3B6F798DF}.Release|Any CPU.ActiveCfg = Release|Any CPU
		{D99AB89B-C355-41C8-B696-7BF3B6F798DF}.Release|Any CPU.Build.0 = Release|Any CPU
	EndGlobalSection
	GlobalSection(SolutionProperties) = preSolution
		HideSolutionNode = FALSE
	EndGlobalSection
	GlobalSection(ExtensibilityGlobals) = postSolution
		SolutionGuid = {BC1AFD9A-813D-4E22-A9C1-F33ED7346F93}
	EndGlobalSection
EndGlobal
